
Microsoft Visual Studio Solution File, Format Version 12.00
# Visual Studio Version 17
VisualStudioVersion = 17.14.36121.58
MinimumVisualStudioVersion = 10.0.40219.1
Project("{8BC9CEB8-8B4A-11D0-8D11-00A0C91BC942}") = "pract12", "pract12.vcxproj", "{40C8BB97-3EAE-4381-88D3-9B0ACAC386B8}"
EndProject
Project("{8BC9CEB8-8B4A-11D0-8D11-00A0C91BC942}") = "PrintProcess", "..\PrintProcess\PrintProcess.vcxproj", "{3CCA8756-B8B0-4047-957C-3CAE934E30BF}"
EndProject
Global
	GlobalSection(SolutionConfigurationPlatforms) = preSolution
		Debug|x64 = Debug|x64
		Debug|x86 = Debug|x86
		Release|x64 = Release|x64
		Release|x86 = Release|x86
	EndGlobalSection
	GlobalSection(ProjectConfigurationPlatforms) = postSolution
		{40C8BB97-3EAE-4381-88D3-9B0ACAC386B8}.Debug|x64.ActiveCfg = Debug|x64
		{40C8BB97-3EAE-4381-88D3-9B0ACAC386B8}.Debug|x64.Build.0 = Debug|x64
		{40C8BB97-3EAE-4381-88D3-9B0ACAC386B8}.Debug|x86.ActiveCfg = Debug|Win32
		{40C8BB97-3EAE-4381-88D3-9B0ACAC386B8}.Debug|x86.Build.0 = Debug|Win32
		{40C8BB97-3EAE-4381-88D3-9B0ACAC386B8}.Release|x64.ActiveCfg = Release|x64
		{40C8BB97-3EAE-4381-88D3-9B0ACAC386B8}.Release|x64.Build.0 = Release|x64
		{40C8BB97-3EAE-4381-88D3-9B0ACAC386B8}.Release|x86.ActiveCfg = Release|Win32
		{40C8BB97-3EAE-4381-88D3-9B0ACAC386B8}.Release|x86.Build.0 = Release|Win32
		{3CCA8756-B8B0-4047-957C-3CAE934E30BF}.Debug|x64.ActiveCfg = Debug|x64
		{3CCA8756-B8B0-4047-957C-3CAE934E30BF}.Debug|x64.Build.0 = Debug|x64
		{3CCA8756-B8B0-4047-957C-3CAE934E30BF}.Debug|x86.ActiveCfg = Debug|Win32
		{3CCA8756-B8B0-4047-957C-3CAE934E30BF}.Debug|x86.Build.0 = Debug|Win32
		{3CCA8756-B8B0-4047-957C-3CAE934E30BF}.Release|x64.ActiveCfg = Release|x64
		{3CCA8756-B8B0-4047-957C-3CAE934E30BF}.Release|x64.Build.0 = Release|x64
		{3CCA8756-B8B0-4047-957C-3CAE934E30BF}.Release|x86.ActiveCfg = Release|Win32
		{3CCA8756-B8B0-4047-957C-3CAE934E30BF}.Release|x86.Build.0 = Release|Win32
	EndGlobalSection
	GlobalSection(SolutionProperties) = preSolution
		HideSolutionNode = FALSE
	EndGlobalSection
	GlobalSection(ExtensibilityGlobals) = postSolution
		SolutionGuid = {95AB0A56-57B9-4FAA-BFD6-5A45D90605BD}
	EndGlobalSection
EndGlobal
